
Microsoft Visual Studio Solution File, Format Version 12.00
# Visual Studio Version 17
VisualStudioVersion = 17.12.35707.178
MinimumVisualStudioVersion = 10.0.40219.1
Project("{FAE04EC0-301F-11D3-BF4B-00C04F79EFBC}") = "TvMaze.Domain", "TvMaze.Domain\TvMaze.Domain.csproj", "{351A3431-48CC-4B92-9B21-D096D93E8BDF}"
EndProject
Project("{FAE04EC0-301F-11D3-BF4B-00C04F79EFBC}") = "TvMaze.Infrastructure", "TvMaze.Infrastructure\TvMaze.Infrastructure.csproj", "{471D22D7-F1FE-4372-8E3E-C86E67B72B9C}"
EndProject
Project("{FAE04EC0-301F-11D3-BF4B-00C04F79EFBC}") = "TvMaze.Application", "TvMaze.Application\TvMaze.Application.csproj", "{79D1DB0D-ECAC-481E-A491-6F4DB32FE085}"
EndProject
Project("{FAE04EC0-301F-11D3-BF4B-00C04F79EFBC}") = "TvMaze.Api", "TvMaze.Api\TvMaze.Api.csproj", "{FA16E959-AE1A-407E-9138-147BE0048982}"
EndProject
Project("{FAE04EC0-301F-11D3-BF4B-00C04F79EFBC}") = "TvMaze.Test", "TvMaze.Test\TvMaze.Test.csproj", "{D704651C-C7C0-438D-A720-F311F1F83417}"
EndProject
Global
	GlobalSection(SolutionConfigurationPlatforms) = preSolution
		Debug|Any CPU = Debug|Any CPU
		Release|Any CPU = Release|Any CPU
	EndGlobalSection
	GlobalSection(ProjectConfigurationPlatforms) = postSolution
		{351A3431-48CC-4B92-9B21-D096D93E8BDF}.Debug|Any CPU.ActiveCfg = Debug|Any CPU
		{351A3431-48CC-4B92-9B21-D096D93E8BDF}.Debug|Any CPU.Build.0 = Debug|Any CPU
		{351A3431-48CC-4B92-9B21-D096D93E8BDF}.Release|Any CPU.ActiveCfg = Release|Any CPU
		{351A3431-48CC-4B92-9B21-D096D93E8BDF}.Release|Any CPU.Build.0 = Release|Any CPU
		{471D22D7-F1FE-4372-8E3E-C86E67B72B9C}.Debug|Any CPU.ActiveCfg = Debug|Any CPU
		{471D22D7-F1FE-4372-8E3E-C86E67B72B9C}.Debug|Any CPU.Build.0 = Debug|Any CPU
		{471D22D7-F1FE-4372-8E3E-C86E67B72B9C}.Release|Any CPU.ActiveCfg = Release|Any CPU
		{471D22D7-F1FE-4372-8E3E-C86E67B72B9C}.Release|Any CPU.Build.0 = Release|Any CPU
		{79D1DB0D-ECAC-481E-A491-6F4DB32FE085}.Debug|Any CPU.ActiveCfg = Debug|Any CPU
		{79D1DB0D-ECAC-481E-A491-6F4DB32FE085}.Debug|Any CPU.Build.0 = Debug|Any CPU
		{79D1DB0D-ECAC-481E-A491-6F4DB32FE085}.Release|Any CPU.ActiveCfg = Release|Any CPU
		{79D1DB0D-ECAC-481E-A491-6F4DB32FE085}.Release|Any CPU.Build.0 = Release|Any CPU
		{FA16E959-AE1A-407E-9138-147BE0048982}.Debug|Any CPU.ActiveCfg = Debug|Any CPU
		{FA16E959-AE1A-407E-9138-147BE0048982}.Debug|Any CPU.Build.0 = Debug|Any CPU
		{FA16E959-AE1A-407E-9138-147BE0048982}.Release|Any CPU.ActiveCfg = Release|Any CPU
		{FA16E959-AE1A-407E-9138-147BE0048982}.Release|Any CPU.Build.0 = Release|Any CPU
		{D704651C-C7C0-438D-A720-F311F1F83417}.Debug|Any CPU.ActiveCfg = Debug|Any CPU
		{D704651C-C7C0-438D-A720-F311F1F83417}.Debug|Any CPU.Build.0 = Debug|Any CPU
		{D704651C-C7C0-438D-A720-F311F1F83417}.Release|Any CPU.ActiveCfg = Release|Any CPU
		{D704651C-C7C0-438D-A720-F311F1F83417}.Release|Any CPU.Build.0 = Release|Any CPU
	EndGlobalSection
	GlobalSection(SolutionProperties) = preSolution
		HideSolutionNode = FALSE
	EndGlobalSection
EndGlobal
